// !$*UTF8*$!
{
	archiveVersion = 1;
	classes = {
	};
	objectVersion = 51;
	objects = {

/* Begin PBXBuildFile section */
		4614858D13CAEAC9ED787EEA /* Pods_Datr.framework in Frameworks */ = {isa = PBXBuildFile; fileRef = AE3D947372B3C6BA7FC22E82 /* Pods_Datr.framework */; };
		631C88FC2407887D00BB1D30 /* AppDelegate.swift in Sources */ = {isa = PBXBuildFile; fileRef = 631C88FB2407887D00BB1D30 /* AppDelegate.swift */; };
		631C88FE2407887D00BB1D30 /* SceneDelegate.swift in Sources */ = {isa = PBXBuildFile; fileRef = 631C88FD2407887D00BB1D30 /* SceneDelegate.swift */; };
		631C89032407887D00BB1D30 /* Main.storyboard in Resources */ = {isa = PBXBuildFile; fileRef = 631C89012407887D00BB1D30 /* Main.storyboard */; };
		631C89052407887F00BB1D30 /* Assets.xcassets in Resources */ = {isa = PBXBuildFile; fileRef = 631C89042407887F00BB1D30 /* Assets.xcassets */; };
		631C89082407887F00BB1D30 /* LaunchScreen.storyboard in Resources */ = {isa = PBXBuildFile; fileRef = 631C89062407887F00BB1D30 /* LaunchScreen.storyboard */; };
		631C891324078A5800BB1D30 /* GoogleService-Info.plist in Resources */ = {isa = PBXBuildFile; fileRef = 631C891224078A5800BB1D30 /* GoogleService-Info.plist */; };
		631C89192407932E00BB1D30 /* FirebaseManager.swift in Sources */ = {isa = PBXBuildFile; fileRef = 631C89182407932E00BB1D30 /* FirebaseManager.swift */; };
		631C891D2408D2FF00BB1D30 /* Person.swift in Sources */ = {isa = PBXBuildFile; fileRef = 631C891C2408D2FF00BB1D30 /* Person.swift */; };
		631C891F2408EC0B00BB1D30 /* PersonController.swift in Sources */ = {isa = PBXBuildFile; fileRef = 631C891E2408EC0B00BB1D30 /* PersonController.swift */; };
		63519E2C240DEAB600C8F0C3 /* GenderData.swift in Sources */ = {isa = PBXBuildFile; fileRef = 63519E2B240DEAB600C8F0C3 /* GenderData.swift */; };
		63519E2E240DEF7900C8F0C3 /* SexualOrientationData.swift in Sources */ = {isa = PBXBuildFile; fileRef = 63519E2D240DEF7900C8F0C3 /* SexualOrientationData.swift */; };
		63519E34240E2D1200C8F0C3 /* PeopleViewController.swift in Sources */ = {isa = PBXBuildFile; fileRef = 63519E33240E2D1200C8F0C3 /* PeopleViewController.swift */; };
		63519E3A2410C03900C8F0C3 /* String.swift in Sources */ = {isa = PBXBuildFile; fileRef = 63519E392410C03900C8F0C3 /* String.swift */; };
		63519E3C2411E72F00C8F0C3 /* MockPeople.swift in Sources */ = {isa = PBXBuildFile; fileRef = 63519E3B2411E72F00C8F0C3 /* MockPeople.swift */; };
		63519E4424158EC100C8F0C3 /* Date.swift in Sources */ = {isa = PBXBuildFile; fileRef = 63519E4324158EC100C8F0C3 /* Date.swift */; };
		63519E46241978CC00C8F0C3 /* Chat.swift in Sources */ = {isa = PBXBuildFile; fileRef = 63519E45241978CC00C8F0C3 /* Chat.swift */; };
		63519E4824197E1E00C8F0C3 /* Message.swift in Sources */ = {isa = PBXBuildFile; fileRef = 63519E4724197E1E00C8F0C3 /* Message.swift */; };
		63519E4A2419876100C8F0C3 /* MatchesTableViewController.swift in Sources */ = {isa = PBXBuildFile; fileRef = 63519E492419876100C8F0C3 /* MatchesTableViewController.swift */; };
		63519E4C24198B9200C8F0C3 /* ChatTableViewController.swift in Sources */ = {isa = PBXBuildFile; fileRef = 63519E4B24198B9200C8F0C3 /* ChatTableViewController.swift */; };
/* End PBXBuildFile section */

/* Begin PBXFileReference section */
		631C88F82407887D00BB1D30 /* Datr.app */ = {isa = PBXFileReference; explicitFileType = wrapper.application; includeInIndex = 0; path = Datr.app; sourceTree = BUILT_PRODUCTS_DIR; };
		631C88FB2407887D00BB1D30 /* AppDelegate.swift */ = {isa = PBXFileReference; lastKnownFileType = sourcecode.swift; path = AppDelegate.swift; sourceTree = "<group>"; };
		631C88FD2407887D00BB1D30 /* SceneDelegate.swift */ = {isa = PBXFileReference; lastKnownFileType = sourcecode.swift; path = SceneDelegate.swift; sourceTree = "<group>"; };
		631C89022407887D00BB1D30 /* Base */ = {isa = PBXFileReference; lastKnownFileType = file.storyboard; name = Base; path = Base.lproj/Main.storyboard; sourceTree = "<group>"; };
		631C89042407887F00BB1D30 /* Assets.xcassets */ = {isa = PBXFileReference; lastKnownFileType = folder.assetcatalog; path = Assets.xcassets; sourceTree = "<group>"; };
		631C89072407887F00BB1D30 /* Base */ = {isa = PBXFileReference; lastKnownFileType = file.storyboard; name = Base; path = Base.lproj/LaunchScreen.storyboard; sourceTree = "<group>"; };
		631C89092407887F00BB1D30 /* Info.plist */ = {isa = PBXFileReference; lastKnownFileType = text.plist.xml; path = Info.plist; sourceTree = "<group>"; };
		631C891224078A5800BB1D30 /* GoogleService-Info.plist */ = {isa = PBXFileReference; fileEncoding = 4; lastKnownFileType = text.plist.xml; path = "GoogleService-Info.plist"; sourceTree = "<group>"; };
		631C89182407932E00BB1D30 /* FirebaseManager.swift */ = {isa = PBXFileReference; lastKnownFileType = sourcecode.swift; path = FirebaseManager.swift; sourceTree = "<group>"; };
		631C891C2408D2FF00BB1D30 /* Person.swift */ = {isa = PBXFileReference; lastKnownFileType = sourcecode.swift; path = Person.swift; sourceTree = "<group>"; };
		631C891E2408EC0B00BB1D30 /* PersonController.swift */ = {isa = PBXFileReference; lastKnownFileType = sourcecode.swift; path = PersonController.swift; sourceTree = "<group>"; };
		63519E2B240DEAB600C8F0C3 /* GenderData.swift */ = {isa = PBXFileReference; lastKnownFileType = sourcecode.swift; path = GenderData.swift; sourceTree = "<group>"; };
		63519E2D240DEF7900C8F0C3 /* SexualOrientationData.swift */ = {isa = PBXFileReference; lastKnownFileType = sourcecode.swift; path = SexualOrientationData.swift; sourceTree = "<group>"; };
		63519E33240E2D1200C8F0C3 /* PeopleViewController.swift */ = {isa = PBXFileReference; lastKnownFileType = sourcecode.swift; path = PeopleViewController.swift; sourceTree = "<group>"; };
		63519E392410C03900C8F0C3 /* String.swift */ = {isa = PBXFileReference; lastKnownFileType = sourcecode.swift; path = String.swift; sourceTree = "<group>"; };
		63519E3B2411E72F00C8F0C3 /* MockPeople.swift */ = {isa = PBXFileReference; lastKnownFileType = sourcecode.swift; path = MockPeople.swift; sourceTree = "<group>"; };
		63519E4324158EC100C8F0C3 /* Date.swift */ = {isa = PBXFileReference; lastKnownFileType = sourcecode.swift; path = Date.swift; sourceTree = "<group>"; };
		63519E45241978CC00C8F0C3 /* Chat.swift */ = {isa = PBXFileReference; lastKnownFileType = sourcecode.swift; path = Chat.swift; sourceTree = "<group>"; };
		63519E4724197E1E00C8F0C3 /* Message.swift */ = {isa = PBXFileReference; lastKnownFileType = sourcecode.swift; path = Message.swift; sourceTree = "<group>"; };
		63519E492419876100C8F0C3 /* MatchesTableViewController.swift */ = {isa = PBXFileReference; lastKnownFileType = sourcecode.swift; path = MatchesTableViewController.swift; sourceTree = "<group>"; };
		63519E4B24198B9200C8F0C3 /* ChatTableViewController.swift */ = {isa = PBXFileReference; lastKnownFileType = sourcecode.swift; path = ChatTableViewController.swift; sourceTree = "<group>"; };
		AE3D947372B3C6BA7FC22E82 /* Pods_Datr.framework */ = {isa = PBXFileReference; explicitFileType = wrapper.framework; includeInIndex = 0; path = Pods_Datr.framework; sourceTree = BUILT_PRODUCTS_DIR; };
		EA8A6AFBEBF3F2C7CAF478D3 /* Pods-Datr.debug.xcconfig */ = {isa = PBXFileReference; includeInIndex = 1; lastKnownFileType = text.xcconfig; name = "Pods-Datr.debug.xcconfig"; path = "Target Support Files/Pods-Datr/Pods-Datr.debug.xcconfig"; sourceTree = "<group>"; };
		F506B86C8F07BE9D901C4EB0 /* Pods-Datr.release.xcconfig */ = {isa = PBXFileReference; includeInIndex = 1; lastKnownFileType = text.xcconfig; name = "Pods-Datr.release.xcconfig"; path = "Target Support Files/Pods-Datr/Pods-Datr.release.xcconfig"; sourceTree = "<group>"; };
/* End PBXFileReference section */

/* Begin PBXFrameworksBuildPhase section */
		631C88F52407887D00BB1D30 /* Frameworks */ = {
			isa = PBXFrameworksBuildPhase;
			buildActionMask = 2147483647;
			files = (
				4614858D13CAEAC9ED787EEA /* Pods_Datr.framework in Frameworks */,
			);
			runOnlyForDeploymentPostprocessing = 0;
		};
/* End PBXFrameworksBuildPhase section */

/* Begin PBXGroup section */
		631C88EF2407887D00BB1D30 = {
			isa = PBXGroup;
			children = (
				631C88FA2407887D00BB1D30 /* Datr */,
				631C88F92407887D00BB1D30 /* Products */,
				D221A4EDD6924E593CE973D8 /* Pods */,
				E634F7AC0021B00653F2D6AA /* Frameworks */,
			);
			sourceTree = "<group>";
		};
		631C88F92407887D00BB1D30 /* Products */ = {
			isa = PBXGroup;
			children = (
				631C88F82407887D00BB1D30 /* Datr.app */,
			);
			name = Products;
			sourceTree = "<group>";
		};
		631C88FA2407887D00BB1D30 /* Datr */ = {
			isa = PBXGroup;
			children = (
				63519E382410C01400C8F0C3 /* Extensions */,
				63519E2A240D6BE800C8F0C3 /* Data */,
				631C89172407930B00BB1D30 /* Firebase Manager */,
				631C8915240792EA00BB1D30 /* Models */,
				631C8914240792E400BB1D30 /* Model Controllers */,
				631C8916240792FD00BB1D30 /* View Controllers */,
				631C89012407887D00BB1D30 /* Main.storyboard */,
				631C89092407887F00BB1D30 /* Info.plist */,
				631C891224078A5800BB1D30 /* GoogleService-Info.plist */,
				631C890F2407888D00BB1D30 /* Resources */,
			);
			path = Datr;
			sourceTree = "<group>";
		};
		631C890F2407888D00BB1D30 /* Resources */ = {
			isa = PBXGroup;
			children = (
				631C88FB2407887D00BB1D30 /* AppDelegate.swift */,
				631C88FD2407887D00BB1D30 /* SceneDelegate.swift */,
				631C89042407887F00BB1D30 /* Assets.xcassets */,
				631C89062407887F00BB1D30 /* LaunchScreen.storyboard */,
			);
			path = Resources;
			sourceTree = "<group>";
		};
		631C8914240792E400BB1D30 /* Model Controllers */ = {
			isa = PBXGroup;
			children = (
				631C891E2408EC0B00BB1D30 /* PersonController.swift */,
			);
			path = "Model Controllers";
			sourceTree = "<group>";
		};
		631C8915240792EA00BB1D30 /* Models */ = {
			isa = PBXGroup;
			children = (
				631C891C2408D2FF00BB1D30 /* Person.swift */,
				63519E45241978CC00C8F0C3 /* Chat.swift */,
				63519E4724197E1E00C8F0C3 /* Message.swift */,
			);
			path = Models;
			sourceTree = "<group>";
		};
		631C8916240792FD00BB1D30 /* View Controllers */ = {
			isa = PBXGroup;
			children = (
				63519E33240E2D1200C8F0C3 /* PeopleViewController.swift */,
				63519E492419876100C8F0C3 /* MatchesTableViewController.swift */,
				63519E4B24198B9200C8F0C3 /* ChatTableViewController.swift */,
			);
			path = "View Controllers";
			sourceTree = "<group>";
		};
		631C89172407930B00BB1D30 /* Firebase Manager */ = {
			isa = PBXGroup;
			children = (
				631C89182407932E00BB1D30 /* FirebaseManager.swift */,
			);
			path = "Firebase Manager";
			sourceTree = "<group>";
		};
		63519E2A240D6BE800C8F0C3 /* Data */ = {
			isa = PBXGroup;
			children = (
				63519E2B240DEAB600C8F0C3 /* GenderData.swift */,
				63519E2D240DEF7900C8F0C3 /* SexualOrientationData.swift */,
				63519E3B2411E72F00C8F0C3 /* MockPeople.swift */,
			);
			path = Data;
			sourceTree = "<group>";
		};
		63519E382410C01400C8F0C3 /* Extensions */ = {
			isa = PBXGroup;
			children = (
				63519E392410C03900C8F0C3 /* String.swift */,
				63519E4324158EC100C8F0C3 /* Date.swift */,
			);
			path = Extensions;
			sourceTree = "<group>";
		};
		D221A4EDD6924E593CE973D8 /* Pods */ = {
			isa = PBXGroup;
			children = (
				EA8A6AFBEBF3F2C7CAF478D3 /* Pods-Datr.debug.xcconfig */,
				F506B86C8F07BE9D901C4EB0 /* Pods-Datr.release.xcconfig */,
			);
			path = Pods;
			sourceTree = "<group>";
		};
		E634F7AC0021B00653F2D6AA /* Frameworks */ = {
			isa = PBXGroup;
			children = (
				AE3D947372B3C6BA7FC22E82 /* Pods_Datr.framework */,
			);
			name = Frameworks;
			sourceTree = "<group>";
		};
/* End PBXGroup section */

/* Begin PBXNativeTarget section */
		631C88F72407887D00BB1D30 /* Datr */ = {
			isa = PBXNativeTarget;
			buildConfigurationList = 631C890C2407887F00BB1D30 /* Build configuration list for PBXNativeTarget "Datr" */;
			buildPhases = (
				D591AB57D47898FB64C8308A /* [CP] Check Pods Manifest.lock */,
				631C88F42407887D00BB1D30 /* Sources */,
				631C88F52407887D00BB1D30 /* Frameworks */,
				631C88F62407887D00BB1D30 /* Resources */,
				F363E6E1DF950C40D469D110 /* [CP] Embed Pods Frameworks */,
			);
			buildRules = (
			);
			dependencies = (
			);
			name = Datr;
			productName = Datr;
			productReference = 631C88F82407887D00BB1D30 /* Datr.app */;
			productType = "com.apple.product-type.application";
		};
/* End PBXNativeTarget section */

/* Begin PBXProject section */
		631C88F02407887D00BB1D30 /* Project object */ = {
			isa = PBXProject;
			attributes = {
				LastSwiftUpdateCheck = 1130;
				LastUpgradeCheck = 1130;
				ORGANIZATIONNAME = "Blake kvarfordt";
				TargetAttributes = {
					631C88F72407887D00BB1D30 = {
						CreatedOnToolsVersion = 11.3;
					};
				};
			};
			buildConfigurationList = 631C88F32407887D00BB1D30 /* Build configuration list for PBXProject "Datr" */;
			compatibilityVersion = "Xcode 9.3";
			developmentRegion = en;
			hasScannedForEncodings = 0;
			knownRegions = (
				en,
				Base,
			);
			mainGroup = 631C88EF2407887D00BB1D30;
			productRefGroup = 631C88F92407887D00BB1D30 /* Products */;
			projectDirPath = "";
			projectRoot = "";
			targets = (
				631C88F72407887D00BB1D30 /* Datr */,
			);
		};
/* End PBXProject section */

/* Begin PBXResourcesBuildPhase section */
		631C88F62407887D00BB1D30 /* Resources */ = {
			isa = PBXResourcesBuildPhase;
			buildActionMask = 2147483647;
			files = (
				631C89082407887F00BB1D30 /* LaunchScreen.storyboard in Resources */,
				631C89052407887F00BB1D30 /* Assets.xcassets in Resources */,
				631C89032407887D00BB1D30 /* Main.storyboard in Resources */,
				631C891324078A5800BB1D30 /* GoogleService-Info.plist in Resources */,
			);
			runOnlyForDeploymentPostprocessing = 0;
		};
/* End PBXResourcesBuildPhase section */

/* Begin PBXShellScriptBuildPhase section */
		D591AB57D47898FB64C8308A /* [CP] Check Pods Manifest.lock */ = {
			isa = PBXShellScriptBuildPhase;
			buildActionMask = 2147483647;
			files = (
			);
			inputFileListPaths = (
			);
			inputPaths = (
				"${PODS_PODFILE_DIR_PATH}/Podfile.lock",
				"${PODS_ROOT}/Manifest.lock",
			);
			name = "[CP] Check Pods Manifest.lock";
			outputFileListPaths = (
			);
			outputPaths = (
				"$(DERIVED_FILE_DIR)/Pods-Datr-checkManifestLockResult.txt",
			);
			runOnlyForDeploymentPostprocessing = 0;
			shellPath = /bin/sh;
			shellScript = "diff \"${PODS_PODFILE_DIR_PATH}/Podfile.lock\" \"${PODS_ROOT}/Manifest.lock\" > /dev/null\nif [ $? != 0 ] ; then\n    # print error to STDERR\n    echo \"error: The sandbox is not in sync with the Podfile.lock. Run 'pod install' or update your CocoaPods installation.\" >&2\n    exit 1\nfi\n# This output is used by Xcode 'outputs' to avoid re-running this script phase.\necho \"SUCCESS\" > \"${SCRIPT_OUTPUT_FILE_0}\"\n";
			showEnvVarsInLog = 0;
		};
		F363E6E1DF950C40D469D110 /* [CP] Embed Pods Frameworks */ = {
			isa = PBXShellScriptBuildPhase;
			buildActionMask = 2147483647;
			files = (
			);
			inputFileListPaths = (
				"${PODS_ROOT}/Target Support Files/Pods-Datr/Pods-Datr-frameworks-${CONFIGURATION}-input-files.xcfilelist",
			);
			name = "[CP] Embed Pods Frameworks";
			outputFileListPaths = (
				"${PODS_ROOT}/Target Support Files/Pods-Datr/Pods-Datr-frameworks-${CONFIGURATION}-output-files.xcfilelist",
			);
			runOnlyForDeploymentPostprocessing = 0;
			shellPath = /bin/sh;
			shellScript = "\"${PODS_ROOT}/Target Support Files/Pods-Datr/Pods-Datr-frameworks.sh\"\n";
			showEnvVarsInLog = 0;
		};
/* End PBXShellScriptBuildPhase section */

/* Begin PBXSourcesBuildPhase section */
		631C88F42407887D00BB1D30 /* Sources */ = {
			isa = PBXSourcesBuildPhase;
			buildActionMask = 2147483647;
			files = (
				63519E46241978CC00C8F0C3 /* Chat.swift in Sources */,
				63519E2C240DEAB600C8F0C3 /* GenderData.swift in Sources */,
				63519E34240E2D1200C8F0C3 /* PeopleViewController.swift in Sources */,
				631C891D2408D2FF00BB1D30 /* Person.swift in Sources */,
				63519E4A2419876100C8F0C3 /* MatchesTableViewController.swift in Sources */,
				63519E3A2410C03900C8F0C3 /* String.swift in Sources */,
				631C89192407932E00BB1D30 /* FirebaseManager.swift in Sources */,
				631C88FC2407887D00BB1D30 /* AppDelegate.swift in Sources */,
				63519E4424158EC100C8F0C3 /* Date.swift in Sources */,
				63519E3C2411E72F00C8F0C3 /* MockPeople.swift in Sources */,
				63519E4824197E1E00C8F0C3 /* Message.swift in Sources */,
				631C891F2408EC0B00BB1D30 /* PersonController.swift in Sources */,
				63519E2E240DEF7900C8F0C3 /* SexualOrientationData.swift in Sources */,
				631C88FE2407887D00BB1D30 /* SceneDelegate.swift in Sources */,
				63519E4C24198B9200C8F0C3 /* ChatTableViewController.swift in Sources */,
			);
			runOnlyForDeploymentPostprocessing = 0;
		};
/* End PBXSourcesBuildPhase section */

/* Begin PBXVariantGroup section */
		631C89012407887D00BB1D30 /* Main.storyboard */ = {
			isa = PBXVariantGroup;
			children = (
				631C89022407887D00BB1D30 /* Base */,
			);
			name = Main.storyboard;
			sourceTree = "<group>";
		};
		631C89062407887F00BB1D30 /* LaunchScreen.storyboard */ = {
			isa = PBXVariantGroup;
			children = (
				631C89072407887F00BB1D30 /* Base */,
			);
			name = LaunchScreen.storyboard;
			sourceTree = "<group>";
		};
/* End PBXVariantGroup section */

/* Begin XCBuildConfiguration section */
		631C890A2407887F00BB1D30 /* Debug */ = {
			isa = XCBuildConfiguration;
			buildSettings = {
				ALWAYS_SEARCH_USER_PATHS = NO;
				CLANG_ANALYZER_NONNULL = YES;
				CLANG_ANALYZER_NUMBER_OBJECT_CONVERSION = YES_AGGRESSIVE;
				CLANG_CXX_LANGUAGE_STANDARD = "gnu++14";
				CLANG_CXX_LIBRARY = "libc++";
				CLANG_ENABLE_MODULES = YES;
				CLANG_ENABLE_OBJC_ARC = YES;
				CLANG_ENABLE_OBJC_WEAK = YES;
				CLANG_WARN_BLOCK_CAPTURE_AUTORELEASING = YES;
				CLANG_WARN_BOOL_CONVERSION = YES;
				CLANG_WARN_COMMA = YES;
				CLANG_WARN_CONSTANT_CONVERSION = YES;
				CLANG_WARN_DEPRECATED_OBJC_IMPLEMENTATIONS = YES;
				CLANG_WARN_DIRECT_OBJC_ISA_USAGE = YES_ERROR;
				CLANG_WARN_DOCUMENTATION_COMMENTS = YES;
				CLANG_WARN_EMPTY_BODY = YES;
				CLANG_WARN_ENUM_CONVERSION = YES;
				CLANG_WARN_INFINITE_RECURSION = YES;
				CLANG_WARN_INT_CONVERSION = YES;
				CLANG_WARN_NON_LITERAL_NULL_CONVERSION = YES;
				CLANG_WARN_OBJC_IMPLICIT_RETAIN_SELF = YES;
				CLANG_WARN_OBJC_LITERAL_CONVERSION = YES;
				CLANG_WARN_OBJC_ROOT_CLASS = YES_ERROR;
				CLANG_WARN_RANGE_LOOP_ANALYSIS = YES;
				CLANG_WARN_STRICT_PROTOTYPES = YES;
				CLANG_WARN_SUSPICIOUS_MOVE = YES;
				CLANG_WARN_UNGUARDED_AVAILABILITY = YES_AGGRESSIVE;
				CLANG_WARN_UNREACHABLE_CODE = YES;
				CLANG_WARN__DUPLICATE_METHOD_MATCH = YES;
				COPY_PHASE_STRIP = NO;
				DEBUG_INFORMATION_FORMAT = dwarf;
				ENABLE_STRICT_OBJC_MSGSEND = YES;
				ENABLE_TESTABILITY = YES;
				GCC_C_LANGUAGE_STANDARD = gnu11;
				GCC_DYNAMIC_NO_PIC = NO;
				GCC_NO_COMMON_BLOCKS = YES;
				GCC_OPTIMIZATION_LEVEL = 0;
				GCC_PREPROCESSOR_DEFINITIONS = (
					"DEBUG=1",
					"$(inherited)",
				);
				GCC_WARN_64_TO_32_BIT_CONVERSION = YES;
				GCC_WARN_ABOUT_RETURN_TYPE = YES_ERROR;
				GCC_WARN_UNDECLARED_SELECTOR = YES;
				GCC_WARN_UNINITIALIZED_AUTOS = YES_AGGRESSIVE;
				GCC_WARN_UNUSED_FUNCTION = YES;
				GCC_WARN_UNUSED_VARIABLE = YES;
				IPHONEOS_DEPLOYMENT_TARGET = 13.2;
				MTL_ENABLE_DEBUG_INFO = INCLUDE_SOURCE;
				MTL_FAST_MATH = YES;
				ONLY_ACTIVE_ARCH = YES;
				SDKROOT = iphoneos;
				SWIFT_ACTIVE_COMPILATION_CONDITIONS = DEBUG;
				SWIFT_OPTIMIZATION_LEVEL = "-Onone";
			};
			name = Debug;
		};
		631C890B2407887F00BB1D30 /* Release */ = {
			isa = XCBuildConfiguration;
			buildSettings = {
				ALWAYS_SEARCH_USER_PATHS = NO;
				CLANG_ANALYZER_NONNULL = YES;
				CLANG_ANALYZER_NUMBER_OBJECT_CONVERSION = YES_AGGRESSIVE;
				CLANG_CXX_LANGUAGE_STANDARD = "gnu++14";
				CLANG_CXX_LIBRARY = "libc++";
				CLANG_ENABLE_MODULES = YES;
				CLANG_ENABLE_OBJC_ARC = YES;
				CLANG_ENABLE_OBJC_WEAK = YES;
				CLANG_WARN_BLOCK_CAPTURE_AUTORELEASING = YES;
				CLANG_WARN_BOOL_CONVERSION = YES;
				CLANG_WARN_COMMA = YES;
				CLANG_WARN_CONSTANT_CONVERSION = YES;
				CLANG_WARN_DEPRECATED_OBJC_IMPLEMENTATIONS = YES;
				CLANG_WARN_DIRECT_OBJC_ISA_USAGE = YES_ERROR;
				CLANG_WARN_DOCUMENTATION_COMMENTS = YES;
				CLANG_WARN_EMPTY_BODY = YES;
				CLANG_WARN_ENUM_CONVERSION = YES;
				CLANG_WARN_INFINITE_RECURSION = YES;
				CLANG_WARN_INT_CONVERSION = YES;
				CLANG_WARN_NON_LITERAL_NULL_CONVERSION = YES;
				CLANG_WARN_OBJC_IMPLICIT_RETAIN_SELF = YES;
				CLANG_WARN_OBJC_LITERAL_CONVERSION = YES;
				CLANG_WARN_OBJC_ROOT_CLASS = YES_ERROR;
				CLANG_WARN_RANGE_LOOP_ANALYSIS = YES;
				CLANG_WARN_STRICT_PROTOTYPES = YES;
				CLANG_WARN_SUSPICIOUS_MOVE = YES;
				CLANG_WARN_UNGUARDED_AVAILABILITY = YES_AGGRESSIVE;
				CLANG_WARN_UNREACHABLE_CODE = YES;
				CLANG_WARN__DUPLICATE_METHOD_MATCH = YES;
				COPY_PHASE_STRIP = NO;
				DEBUG_INFORMATION_FORMAT = "dwarf-with-dsym";
				ENABLE_NS_ASSERTIONS = NO;
				ENABLE_STRICT_OBJC_MSGSEND = YES;
				GCC_C_LANGUAGE_STANDARD = gnu11;
				GCC_NO_COMMON_BLOCKS = YES;
				GCC_WARN_64_TO_32_BIT_CONVERSION = YES;
				GCC_WARN_ABOUT_RETURN_TYPE = YES_ERROR;
				GCC_WARN_UNDECLARED_SELECTOR = YES;
				GCC_WARN_UNINITIALIZED_AUTOS = YES_AGGRESSIVE;
				GCC_WARN_UNUSED_FUNCTION = YES;
				GCC_WARN_UNUSED_VARIABLE = YES;
				IPHONEOS_DEPLOYMENT_TARGET = 13.2;
				MTL_ENABLE_DEBUG_INFO = NO;
				MTL_FAST_MATH = YES;
				SDKROOT = iphoneos;
				SWIFT_COMPILATION_MODE = wholemodule;
				SWIFT_OPTIMIZATION_LEVEL = "-O";
				VALIDATE_PRODUCT = YES;
			};
			name = Release;
		};
		631C890D2407887F00BB1D30 /* Debug */ = {
			isa = XCBuildConfiguration;
			baseConfigurationReference = EA8A6AFBEBF3F2C7CAF478D3 /* Pods-Datr.debug.xcconfig */;
			buildSettings = {
				ASSETCATALOG_COMPILER_APPICON_NAME = AppIcon;
				CODE_SIGN_STYLE = Automatic;
				DEVELOPMENT_TEAM = 83YG3ZQCH4;
				INFOPLIST_FILE = Datr/Info.plist;
				LD_RUNPATH_SEARCH_PATHS = (
					"$(inherited)",
					"@executable_path/Frameworks",
				);
				PRODUCT_BUNDLE_IDENTIFIER = com.blakekvarfordt.Datr;
				PRODUCT_NAME = "$(TARGET_NAME)";
				SWIFT_VERSION = 5.0;
				TARGETED_DEVICE_FAMILY = "1,2";
			};
			name = Debug;
		};
		631C890E2407887F00BB1D30 /* Release */ = {
			isa = XCBuildConfiguration;
			baseConfigurationReference = F506B86C8F07BE9D901C4EB0 /* Pods-Datr.release.xcconfig */;
			buildSettings = {
				ASSETCATALOG_COMPILER_APPICON_NAME = AppIcon;
				CODE_SIGN_STYLE = Automatic;
				DEVELOPMENT_TEAM = 83YG3ZQCH4;
				INFOPLIST_FILE = Datr/Info.plist;
				LD_RUNPATH_SEARCH_PATHS = (
					"$(inherited)",
					"@executable_path/Frameworks",
				);
				PRODUCT_BUNDLE_IDENTIFIER = com.blakekvarfordt.Datr;
				PRODUCT_NAME = "$(TARGET_NAME)";
				SWIFT_VERSION = 5.0;
				TARGETED_DEVICE_FAMILY = "1,2";
			};
			name = Release;
		};
/* End XCBuildConfiguration section */

/* Begin XCConfigurationList section */
		631C88F32407887D00BB1D30 /* Build configuration list for PBXProject "Datr" */ = {
			isa = XCConfigurationList;
			buildConfigurations = (
				631C890A2407887F00BB1D30 /* Debug */,
				631C890B2407887F00BB1D30 /* Release */,
			);
			defaultConfigurationIsVisible = 0;
			defaultConfigurationName = Release;
		};
		631C890C2407887F00BB1D30 /* Build configuration list for PBXNativeTarget "Datr" */ = {
			isa = XCConfigurationList;
			buildConfigurations = (
				631C890D2407887F00BB1D30 /* Debug */,
				631C890E2407887F00BB1D30 /* Release */,
			);
			defaultConfigurationIsVisible = 0;
			defaultConfigurationName = Release;
		};
/* End XCConfigurationList section */
	};
	rootObject = 631C88F02407887D00BB1D30 /* Project object */;
}
